
Microsoft Visual Studio Solution File, Format Version 12.00
# Visual Studio Version 17
VisualStudioVersion = 17.14.36603.0 d17.14
MinimumVisualStudioVersion = 10.0.40219.1
Project("{FAE04EC0-301F-11D3-BF4B-00C04F79EFBC}") = "Azil", "Azil\Azil.csproj", "{D95FD910-2A64-4D80-B026-7D8254167161}"
EndProject
Global
	GlobalSection(SolutionConfigurationPlatforms) = preSolution
		Debug|Any CPU = Debug|Any CPU
		Release|Any CPU = Release|Any CPU
	EndGlobalSection
	GlobalSection(ProjectConfigurationPlatforms) = postSolution
		{D95FD910-2A64-4D80-B026-7D8254167161}.Debug|Any CPU.ActiveCfg = Debug|Any CPU
		{D95FD910-2A64-4D80-B026-7D8254167161}.Debug|Any CPU.Build.0 = Debug|Any CPU
		{D95FD910-2A64-4D80-B026-7D8254167161}.Release|Any CPU.ActiveCfg = Release|Any CPU
		{D95FD910-2A64-4D80-B026-7D8254167161}.Release|Any CPU.Build.0 = Release|Any CPU
	EndGlobalSection
	GlobalSection(SolutionProperties) = preSolution
		HideSolutionNode = FALSE
	EndGlobalSection
	GlobalSection(ExtensibilityGlobals) = postSolution
		SolutionGuid = {CBD2D885-D3B2-46D5-86D9-1E2AC0A46097}
	EndGlobalSection
EndGlobal
